{
  "originHash" : "036cbc1c84e755eb1e3932eb044fa57855a37899f71c2656460df8a2cff3c51e",
  "pins" : [
    {
      "identity" : "featurevisor-swift2",
      "kind" : "remoteSourceControl",
      "location" : "https://github.com/featurevisor/featurevisor-swift2.git",
      "state" : {
        "revision" : "bb982c7c0a9f5ab501e48ba0e68c19358506ac23",
        "version" : "1.0.0"
      }
    }
  ],
  "version" : 3
}
